packages:
  - name: dbt_utils
    package: dbt-labs/dbt_utils
    version: 0.9.7
  - git: https://github.com/tuva-health/medicare_cclf_connector.git
    name: medicare_cclf_connector
    revision: c07f6e1df34ad1f58e9e9ef8d08fa2b399efd152
  - name: the_tuva_project
    package: tuva-health/the_tuva_project
    version: 0.16.2
  - name: dbt_expectations
    package: metaplane/dbt_expectations
    version: 0.10.10
  - git: https://github.com/tuva-health/dbt-data-reliability.git
    name: elementary
    revision: 382c570ccf4f8733e5323ae21aa4aa9fa849fedd
  - name: dbt_date
    package: godatadriven/dbt_date
    version: 0.17.2
sha1_hash: 582619acabc02862f332623f440462a83d6c2ff7
